
Microsoft Visual Studio Solution File, Format Version 12.00
# Visual Studio 15
VisualStudioVersion = 15.0.28307.1340
MinimumVisualStudioVersion = 10.0.40219.1
Project("{FAE04EC0-301F-11D3-BF4B-00C04F79EFBC}") = "PersonalSite.UI.MVC", "PersonalSite.UI.MVC\PersonalSite.UI.MVC.csproj", "{3BE67628-7C33-4CBE-A3EC-8D7BFE2C872A}"
EndProject
Global
	GlobalSection(SolutionConfigurationPlatforms) = preSolution
		Debug|Any CPU = Debug|Any CPU
		Release|Any CPU = Release|Any CPU
	EndGlobalSection
	GlobalSection(ProjectConfigurationPlatforms) = postSolution
		{3BE67628-7C33-4CBE-A3EC-8D7BFE2C872A}.Debug|Any CPU.ActiveCfg = Debug|Any CPU
		{3BE67628-7C33-4CBE-A3EC-8D7BFE2C872A}.Debug|Any CPU.Build.0 = Debug|Any CPU
		{3BE67628-7C33-4CBE-A3EC-8D7BFE2C872A}.Release|Any CPU.ActiveCfg = Release|Any CPU
		{3BE67628-7C33-4CBE-A3EC-8D7BFE2C872A}.Release|Any CPU.Build.0 = Release|Any CPU
	EndGlobalSection
	GlobalSection(SolutionProperties) = preSolution
		HideSolutionNode = FALSE
	EndGlobalSection
	GlobalSection(ExtensibilityGlobals) = postSolution
		SolutionGuid = {75AB98BA-B929-47C9-8473-AE975F2DFBA9}
	EndGlobalSection
EndGlobal
